// !$*UTF8*$!
{
	archiveVersion = 1;
	classes = {
	};
	objectVersion = 51;
	objects = {

/* Begin PBXBuildFile section */
		15C44558F30F76668B449D8C /* Pods_SOVA.framework in Frameworks */ = {isa = PBXBuildFile; fileRef = 995C752847D11CCE22346F45 /* Pods_SOVA.framework */; };
		5C12BF74253EFD6A00AF9EDA /* NoConnectionView.swift in Sources */ = {isa = PBXBuildFile; fileRef = 5C12BF73253EFD6A00AF9EDA /* NoConnectionView.swift */; };
		5C34DAD3252B00BE00501F8A /* UIColor.swift in Sources */ = {isa = PBXBuildFile; fileRef = 5C34DAD2252B00BE00501F8A /* UIColor.swift */; };
		5C34DAD6252B11B200501F8A /* Message.swift in Sources */ = {isa = PBXBuildFile; fileRef = 5C34DAD5252B11B200501F8A /* Message.swift */; };
		5C34DAD9252B149400501F8A /* DataManager.swift in Sources */ = {isa = PBXBuildFile; fileRef = 5C34DAD8252B149400501F8A /* DataManager.swift */; };
		5C4B3CFC252DA6E600BDDB35 /* AudioManager.swift in Sources */ = {isa = PBXBuildFile; fileRef = 5C4B3CFB252DA6E600BDDB35 /* AudioManager.swift */; };
		5C4B3CFF252DB50500BDDB35 /* UIImage.swift in Sources */ = {isa = PBXBuildFile; fileRef = 5C4B3CFE252DB50500BDDB35 /* UIImage.swift */; };
		5C4B3D05252DD4F800BDDB35 /* AudioBtn.swift in Sources */ = {isa = PBXBuildFile; fileRef = 5C4B3D04252DD4F800BDDB35 /* AudioBtn.swift */; };
		5C542421253C8C9300A35E18 /* BtnsCollectionView.swift in Sources */ = {isa = PBXBuildFile; fileRef = 5C542420253C8C9300A35E18 /* BtnsCollectionView.swift */; };
		5C63AB7C2527834500814CF7 /* DialogVC.swift in Sources */ = {isa = PBXBuildFile; fileRef = 5C63AB7B2527834500814CF7 /* DialogVC.swift */; };
		5C63AB7F2527851C00814CF7 /* DialogCell.swift in Sources */ = {isa = PBXBuildFile; fileRef = 5C63AB7E2527851C00814CF7 /* DialogCell.swift */; };
		5C63AB82252787FD00814CF7 /* UIView.swift in Sources */ = {isa = PBXBuildFile; fileRef = 5C63AB81252787FD00814CF7 /* UIView.swift */; };
		5C6E4F382534A135008CCA3C /* ASR.swift in Sources */ = {isa = PBXBuildFile; fileRef = 5C6E4F372534A135008CCA3C /* ASR.swift */; };
		5C6E4F3B2534A142008CCA3C /* TTS.swift in Sources */ = {isa = PBXBuildFile; fileRef = 5C6E4F3A2534A142008CCA3C /* TTS.swift */; };
		5C6E4F422535C718008CCA3C /* About.swift in Sources */ = {isa = PBXBuildFile; fileRef = 5C6E4F412535C718008CCA3C /* About.swift */; };
		5C78C48125349A5A001BC8C1 /* Podfile in Resources */ = {isa = PBXBuildFile; fileRef = 5C78C48025349A5A001BC8C1 /* Podfile */; };
		5C86F17B252C7DEF0029CE50 /* DialogTextField.swift in Sources */ = {isa = PBXBuildFile; fileRef = 5C86F17A252C7DEF0029CE50 /* DialogTextField.swift */; };
		5C86F17F252C99F80029CE50 /* Date.swift in Sources */ = {isa = PBXBuildFile; fileRef = 5C86F17E252C99F70029CE50 /* Date.swift */; };
		5C99C69625271C2A0056260F /* SettingsVC.swift in Sources */ = {isa = PBXBuildFile; fileRef = 5C99C69525271C2A0056260F /* SettingsVC.swift */; };
		5C99C69A25271F7D0056260F /* String.swift in Sources */ = {isa = PBXBuildFile; fileRef = 5C99C69925271F7D0056260F /* String.swift */; };
		5C99C69E252721CD0056260F /* Cashes.swift in Sources */ = {isa = PBXBuildFile; fileRef = 5C99C69D252721CD0056260F /* Cashes.swift */; };
		5C99C6A125273AD70056260F /* AssistantVC.swift in Sources */ = {isa = PBXBuildFile; fileRef = 5C99C6A025273AD70056260F /* AssistantVC.swift */; };
		5C99C6A5252744740056260F /* AssistantModel.swift in Sources */ = {isa = PBXBuildFile; fileRef = 5C99C6A4252744740056260F /* AssistantModel.swift */; };
		5C99C6A8252752CD0056260F /* ViewController.swift in Sources */ = {isa = PBXBuildFile; fileRef = 5C99C6A7252752CD0056260F /* ViewController.swift */; };
		5CB7DB54252F00AB0016AEA7 /* EndPointType.swift in Sources */ = {isa = PBXBuildFile; fileRef = 5CB7DB53252F00AB0016AEA7 /* EndPointType.swift */; };
		5CB7DB57252F011B0016AEA7 /* HTTPMethod.swift in Sources */ = {isa = PBXBuildFile; fileRef = 5CB7DB56252F011B0016AEA7 /* HTTPMethod.swift */; };
		5CB7DB5A252F015E0016AEA7 /* HTTPTask.swift in Sources */ = {isa = PBXBuildFile; fileRef = 5CB7DB59252F015E0016AEA7 /* HTTPTask.swift */; };
		5CB7DB61252F02370016AEA7 /* ParameterEncoding.swift in Sources */ = {isa = PBXBuildFile; fileRef = 5CB7DB60252F02370016AEA7 /* ParameterEncoding.swift */; };
		5CB7DB64252F03B60016AEA7 /* URLParameterEncoder.swift in Sources */ = {isa = PBXBuildFile; fileRef = 5CB7DB63252F03B60016AEA7 /* URLParameterEncoder.swift */; };
		5CB7DB67252F06500016AEA7 /* JSONParameterEnoding.swift in Sources */ = {isa = PBXBuildFile; fileRef = 5CB7DB66252F06500016AEA7 /* JSONParameterEnoding.swift */; };
		5CB7DB6A252F07170016AEA7 /* NetworkRouter.swift in Sources */ = {isa = PBXBuildFile; fileRef = 5CB7DB69252F07170016AEA7 /* NetworkRouter.swift */; };
		5CB7DB6D252F11C30016AEA7 /* AssistantEndPoint.swift in Sources */ = {isa = PBXBuildFile; fileRef = 5CB7DB6C252F11C30016AEA7 /* AssistantEndPoint.swift */; };
		5CB7DB71252F138A0016AEA7 /* NetworkManager.swift in Sources */ = {isa = PBXBuildFile; fileRef = 5CB7DB70252F138A0016AEA7 /* NetworkManager.swift */; };
		5CC7E01C25305ED000AED403 /* Array.swift in Sources */ = {isa = PBXBuildFile; fileRef = 5CC7E01B25305ED000AED403 /* Array.swift */; };
		5CC7E0202530A60300AED403 /* Data.swift in Sources */ = {isa = PBXBuildFile; fileRef = 5CC7E01F2530A60300AED403 /* Data.swift */; };
		5CD048DE253F1A500008662F /* RootVC.swift in Sources */ = {isa = PBXBuildFile; fileRef = 5CD048DD253F1A500008662F /* RootVC.swift */; };
		5CD048E3253F38E00008662F /* AnimateVC.swift in Sources */ = {isa = PBXBuildFile; fileRef = 5CD048E2253F38E00008662F /* AnimateVC.swift */; };
		5CD048EE253F802C0008662F /* no.mp4 in Resources */ = {isa = PBXBuildFile; fileRef = 5CD048E7253F7D540008662F /* no.mp4 */; };
		5CD048EF253F802C0008662F /* yes.mp4 in Resources */ = {isa = PBXBuildFile; fileRef = 5CD048E5253F7D530008662F /* yes.mp4 */; };
		5CD048F0253F802C0008662F /* idk.mp4 in Resources */ = {isa = PBXBuildFile; fileRef = 5CD048EA253F7D540008662F /* idk.mp4 */; };
		5CD048F1253F802C0008662F /* idle_out.mp4 in Resources */ = {isa = PBXBuildFile; fileRef = 5CD048E8253F7D540008662F /* idle_out.mp4 */; };
		5CD048F2253F802C0008662F /* hi.mp4 in Resources */ = {isa = PBXBuildFile; fileRef = 5CD048E9253F7D540008662F /* hi.mp4 */; };
		5CD048F3253F802C0008662F /* idle.mp4 in Resources */ = {isa = PBXBuildFile; fileRef = 5CD048E6253F7D540008662F /* idle.mp4 */; };
		5CD048F4253F802C0008662F /* idle_in.mp4 in Resources */ = {isa = PBXBuildFile; fileRef = 5CD048EB253F7D540008662F /* idle_in.mp4 */; };
		5CFBDEAD25262706005D8057 /* AppDelegate.swift in Sources */ = {isa = PBXBuildFile; fileRef = 5CFBDEAC25262706005D8057 /* AppDelegate.swift */; };
		5CFBDEAF25262706005D8057 /* SceneDelegate.swift in Sources */ = {isa = PBXBuildFile; fileRef = 5CFBDEAE25262706005D8057 /* SceneDelegate.swift */; };
		5CFBDEB625262708005D8057 /* Assets.xcassets in Resources */ = {isa = PBXBuildFile; fileRef = 5CFBDEB525262708005D8057 /* Assets.xcassets */; };
		5CFBDEB925262708005D8057 /* LaunchScreen.storyboard in Resources */ = {isa = PBXBuildFile; fileRef = 5CFBDEB725262708005D8057 /* LaunchScreen.storyboard */; };
		5CFCA1CD2540A3D000D737EF /* VideoPlayerView.swift in Sources */ = {isa = PBXBuildFile; fileRef = 5CFCA1CC2540A3D000D737EF /* VideoPlayerView.swift */; };
/* End PBXBuildFile section */

/* Begin PBXFileReference section */
		3EF602EF13118596AAC86D9C /* Pods-SOVA.release.xcconfig */ = {isa = PBXFileReference; includeInIndex = 1; lastKnownFileType = text.xcconfig; name = "Pods-SOVA.release.xcconfig"; path = "Target Support Files/Pods-SOVA/Pods-SOVA.release.xcconfig"; sourceTree = "<group>"; };
		4700C0592FB36A9E88D8177B /* Pods-SOVA.debug.xcconfig */ = {isa = PBXFileReference; includeInIndex = 1; lastKnownFileType = text.xcconfig; name = "Pods-SOVA.debug.xcconfig"; path = "Target Support Files/Pods-SOVA/Pods-SOVA.debug.xcconfig"; sourceTree = "<group>"; };
		5C12BF73253EFD6A00AF9EDA /* NoConnectionView.swift */ = {isa = PBXFileReference; lastKnownFileType = sourcecode.swift; path = NoConnectionView.swift; sourceTree = "<group>"; };
		5C34DAD2252B00BE00501F8A /* UIColor.swift */ = {isa = PBXFileReference; lastKnownFileType = sourcecode.swift; path = UIColor.swift; sourceTree = "<group>"; };
		5C34DAD5252B11B200501F8A /* Message.swift */ = {isa = PBXFileReference; lastKnownFileType = sourcecode.swift; path = Message.swift; sourceTree = "<group>"; };
		5C34DAD8252B149400501F8A /* DataManager.swift */ = {isa = PBXFileReference; lastKnownFileType = sourcecode.swift; path = DataManager.swift; sourceTree = "<group>"; };
		5C4B3CFB252DA6E600BDDB35 /* AudioManager.swift */ = {isa = PBXFileReference; lastKnownFileType = sourcecode.swift; path = AudioManager.swift; sourceTree = "<group>"; };
		5C4B3CFE252DB50500BDDB35 /* UIImage.swift */ = {isa = PBXFileReference; lastKnownFileType = sourcecode.swift; path = UIImage.swift; sourceTree = "<group>"; };
		5C4B3D04252DD4F800BDDB35 /* AudioBtn.swift */ = {isa = PBXFileReference; lastKnownFileType = sourcecode.swift; path = AudioBtn.swift; sourceTree = "<group>"; };
		5C542420253C8C9300A35E18 /* BtnsCollectionView.swift */ = {isa = PBXFileReference; lastKnownFileType = sourcecode.swift; path = BtnsCollectionView.swift; sourceTree = "<group>"; };
		5C63AB7B2527834500814CF7 /* DialogVC.swift */ = {isa = PBXFileReference; lastKnownFileType = sourcecode.swift; path = DialogVC.swift; sourceTree = "<group>"; };
		5C63AB7E2527851C00814CF7 /* DialogCell.swift */ = {isa = PBXFileReference; lastKnownFileType = sourcecode.swift; path = DialogCell.swift; sourceTree = "<group>"; };
		5C63AB81252787FD00814CF7 /* UIView.swift */ = {isa = PBXFileReference; lastKnownFileType = sourcecode.swift; path = UIView.swift; sourceTree = "<group>"; };
		5C6E4F372534A135008CCA3C /* ASR.swift */ = {isa = PBXFileReference; lastKnownFileType = sourcecode.swift; path = ASR.swift; sourceTree = "<group>"; };
		5C6E4F3A2534A142008CCA3C /* TTS.swift */ = {isa = PBXFileReference; lastKnownFileType = sourcecode.swift; path = TTS.swift; sourceTree = "<group>"; };
		5C6E4F412535C718008CCA3C /* About.swift */ = {isa = PBXFileReference; lastKnownFileType = sourcecode.swift; path = About.swift; sourceTree = "<group>"; };
		5C78C48025349A5A001BC8C1 /* Podfile */ = {isa = PBXFileReference; lastKnownFileType = text; path = Podfile; sourceTree = "<group>"; };
		5C86F17A252C7DEF0029CE50 /* DialogTextField.swift */ = {isa = PBXFileReference; lastKnownFileType = sourcecode.swift; path = DialogTextField.swift; sourceTree = "<group>"; };
		5C86F17E252C99F70029CE50 /* Date.swift */ = {isa = PBXFileReference; lastKnownFileType = sourcecode.swift; path = Date.swift; sourceTree = "<group>"; };
		5C99C69525271C2A0056260F /* SettingsVC.swift */ = {isa = PBXFileReference; lastKnownFileType = sourcecode.swift; path = SettingsVC.swift; sourceTree = "<group>"; };
		5C99C69925271F7D0056260F /* String.swift */ = {isa = PBXFileReference; lastKnownFileType = sourcecode.swift; path = String.swift; sourceTree = "<group>"; };
		5C99C69D252721CD0056260F /* Cashes.swift */ = {isa = PBXFileReference; lastKnownFileType = sourcecode.swift; path = Cashes.swift; sourceTree = "<group>"; };
		5C99C6A025273AD70056260F /* AssistantVC.swift */ = {isa = PBXFileReference; lastKnownFileType = sourcecode.swift; path = AssistantVC.swift; sourceTree = "<group>"; };
		5C99C6A4252744740056260F /* AssistantModel.swift */ = {isa = PBXFileReference; lastKnownFileType = sourcecode.swift; path = AssistantModel.swift; sourceTree = "<group>"; };
		5C99C6A7252752CD0056260F /* ViewController.swift */ = {isa = PBXFileReference; lastKnownFileType = sourcecode.swift; path = ViewController.swift; sourceTree = "<group>"; };
		5CB7DB53252F00AB0016AEA7 /* EndPointType.swift */ = {isa = PBXFileReference; lastKnownFileType = sourcecode.swift; path = EndPointType.swift; sourceTree = "<group>"; };
		5CB7DB56252F011B0016AEA7 /* HTTPMethod.swift */ = {isa = PBXFileReference; lastKnownFileType = sourcecode.swift; path = HTTPMethod.swift; sourceTree = "<group>"; };
		5CB7DB59252F015E0016AEA7 /* HTTPTask.swift */ = {isa = PBXFileReference; lastKnownFileType = sourcecode.swift; path = HTTPTask.swift; sourceTree = "<group>"; };
		5CB7DB60252F02370016AEA7 /* ParameterEncoding.swift */ = {isa = PBXFileReference; lastKnownFileType = sourcecode.swift; path = ParameterEncoding.swift; sourceTree = "<group>"; };
		5CB7DB63252F03B60016AEA7 /* URLParameterEncoder.swift */ = {isa = PBXFileReference; lastKnownFileType = sourcecode.swift; path = URLParameterEncoder.swift; sourceTree = "<group>"; };
		5CB7DB66252F06500016AEA7 /* JSONParameterEnoding.swift */ = {isa = PBXFileReference; lastKnownFileType = sourcecode.swift; path = JSONParameterEnoding.swift; sourceTree = "<group>"; };
		5CB7DB69252F07170016AEA7 /* NetworkRouter.swift */ = {isa = PBXFileReference; lastKnownFileType = sourcecode.swift; path = NetworkRouter.swift; sourceTree = "<group>"; };
		5CB7DB6C252F11C30016AEA7 /* AssistantEndPoint.swift */ = {isa = PBXFileReference; lastKnownFileType = sourcecode.swift; path = AssistantEndPoint.swift; sourceTree = "<group>"; };
		5CB7DB70252F138A0016AEA7 /* NetworkManager.swift */ = {isa = PBXFileReference; lastKnownFileType = sourcecode.swift; path = NetworkManager.swift; sourceTree = "<group>"; };
		5CC7E01B25305ED000AED403 /* Array.swift */ = {isa = PBXFileReference; lastKnownFileType = sourcecode.swift; path = Array.swift; sourceTree = "<group>"; };
		5CC7E01F2530A60300AED403 /* Data.swift */ = {isa = PBXFileReference; lastKnownFileType = sourcecode.swift; path = Data.swift; sourceTree = "<group>"; };
		5CD048DD253F1A500008662F /* RootVC.swift */ = {isa = PBXFileReference; lastKnownFileType = sourcecode.swift; path = RootVC.swift; sourceTree = "<group>"; };
		5CD048E2253F38E00008662F /* AnimateVC.swift */ = {isa = PBXFileReference; lastKnownFileType = sourcecode.swift; path = AnimateVC.swift; sourceTree = "<group>"; };
		5CD048E5253F7D530008662F /* yes.mp4 */ = {isa = PBXFileReference; lastKnownFileType = file; path = yes.mp4; sourceTree = "<group>"; };
		5CD048E6253F7D540008662F /* idle.mp4 */ = {isa = PBXFileReference; lastKnownFileType = file; path = idle.mp4; sourceTree = "<group>"; };
		5CD048E7253F7D540008662F /* no.mp4 */ = {isa = PBXFileReference; lastKnownFileType = file; path = no.mp4; sourceTree = "<group>"; };
		5CD048E8253F7D540008662F /* idle_out.mp4 */ = {isa = PBXFileReference; lastKnownFileType = file; path = idle_out.mp4; sourceTree = "<group>"; };
		5CD048E9253F7D540008662F /* hi.mp4 */ = {isa = PBXFileReference; lastKnownFileType = file; path = hi.mp4; sourceTree = "<group>"; };
		5CD048EA253F7D540008662F /* idk.mp4 */ = {isa = PBXFileReference; lastKnownFileType = file; path = idk.mp4; sourceTree = "<group>"; };
		5CD048EB253F7D540008662F /* idle_in.mp4 */ = {isa = PBXFileReference; lastKnownFileType = file; path = idle_in.mp4; sourceTree = "<group>"; };
		5CFBDEA925262706005D8057 /* SOVA.app */ = {isa = PBXFileReference; explicitFileType = wrapper.application; includeInIndex = 0; path = SOVA.app; sourceTree = BUILT_PRODUCTS_DIR; };
		5CFBDEAC25262706005D8057 /* AppDelegate.swift */ = {isa = PBXFileReference; lastKnownFileType = sourcecode.swift; path = AppDelegate.swift; sourceTree = "<group>"; };
		5CFBDEAE25262706005D8057 /* SceneDelegate.swift */ = {isa = PBXFileReference; lastKnownFileType = sourcecode.swift; path = SceneDelegate.swift; sourceTree = "<group>"; };
		5CFBDEB525262708005D8057 /* Assets.xcassets */ = {isa = PBXFileReference; lastKnownFileType = folder.assetcatalog; path = Assets.xcassets; sourceTree = "<group>"; };
		5CFBDEB825262708005D8057 /* Base */ = {isa = PBXFileReference; lastKnownFileType = file.storyboard; name = Base; path = Base.lproj/LaunchScreen.storyboard; sourceTree = "<group>"; };
		5CFBDEBA25262708005D8057 /* Info.plist */ = {isa = PBXFileReference; lastKnownFileType = text.plist.xml; path = Info.plist; sourceTree = "<group>"; };
		5CFCA1CC2540A3D000D737EF /* VideoPlayerView.swift */ = {isa = PBXFileReference; lastKnownFileType = sourcecode.swift; path = VideoPlayerView.swift; sourceTree = "<group>"; };
		995C752847D11CCE22346F45 /* Pods_SOVA.framework */ = {isa = PBXFileReference; explicitFileType = wrapper.framework; includeInIndex = 0; path = Pods_SOVA.framework; sourceTree = BUILT_PRODUCTS_DIR; };
/* End PBXFileReference section */

/* Begin PBXFrameworksBuildPhase section */
		5CFBDEA625262706005D8057 /* Frameworks */ = {
			isa = PBXFrameworksBuildPhase;
			buildActionMask = 2147483647;
			files = (
				15C44558F30F76668B449D8C /* Pods_SOVA.framework in Frameworks */,
			);
			runOnlyForDeploymentPostprocessing = 0;
		};
/* End PBXFrameworksBuildPhase section */

/* Begin PBXGroup section */
		5C4B3D01252DC9C100BDDB35 /* Managers */ = {
			isa = PBXGroup;
			children = (
				5C4B3CFB252DA6E600BDDB35 /* AudioManager.swift */,
				5C34DAD8252B149400501F8A /* DataManager.swift */,
				5CB7DB70252F138A0016AEA7 /* NetworkManager.swift */,
				5C6E4F372534A135008CCA3C /* ASR.swift */,
				5C6E4F3A2534A142008CCA3C /* TTS.swift */,
			);
			path = Managers;
			sourceTree = "<group>";
		};
		5C63AB592527789F00814CF7 /* Settings */ = {
			isa = PBXGroup;
			children = (
				5C99C69525271C2A0056260F /* SettingsVC.swift */,
				5C99C6A025273AD70056260F /* AssistantVC.swift */,
				5C6E4F412535C718008CCA3C /* About.swift */,
			);
			path = Settings;
			sourceTree = "<group>";
		};
		5C63AB5C25277E0C00814CF7 /* project */ = {
			isa = PBXGroup;
			children = (
				5CFBDEAC25262706005D8057 /* AppDelegate.swift */,
				5CFBDEAE25262706005D8057 /* SceneDelegate.swift */,
				5CFBDEB525262708005D8057 /* Assets.xcassets */,
				5CFBDEB725262708005D8057 /* LaunchScreen.storyboard */,
				5CFBDEBA25262708005D8057 /* Info.plist */,
			);
			path = project;
			sourceTree = "<group>";
		};
		5C63AB7A2527832E00814CF7 /* DialogView */ = {
			isa = PBXGroup;
			children = (
				5C63AB7B2527834500814CF7 /* DialogVC.swift */,
				5C63AB7E2527851C00814CF7 /* DialogCell.swift */,
				5C86F17A252C7DEF0029CE50 /* DialogTextField.swift */,
				5C542420253C8C9300A35E18 /* BtnsCollectionView.swift */,
				5C4B3D04252DD4F800BDDB35 /* AudioBtn.swift */,
				5C12BF73253EFD6A00AF9EDA /* NoConnectionView.swift */,
			);
			path = DialogView;
			sourceTree = "<group>";
		};
		5C99C69825271F700056260F /* Extensions */ = {
			isa = PBXGroup;
			children = (
				5C99C69925271F7D0056260F /* String.swift */,
				5C99C6A7252752CD0056260F /* ViewController.swift */,
				5C63AB81252787FD00814CF7 /* UIView.swift */,
				5C34DAD2252B00BE00501F8A /* UIColor.swift */,
				5C4B3CFE252DB50500BDDB35 /* UIImage.swift */,
				5CC7E01F2530A60300AED403 /* Data.swift */,
				5C86F17E252C99F70029CE50 /* Date.swift */,
				5CC7E01B25305ED000AED403 /* Array.swift */,
			);
			path = Extensions;
			sourceTree = "<group>";
		};
		5C99C69C252721B90056260F /* Model */ = {
			isa = PBXGroup;
			children = (
				5C99C6A4252744740056260F /* AssistantModel.swift */,
				5C34DAD5252B11B200501F8A /* Message.swift */,
				5C99C69D252721CD0056260F /* Cashes.swift */,
			);
			path = Model;
			sourceTree = "<group>";
		};
		5CB7DB52252EFA490016AEA7 /* Networking */ = {
			isa = PBXGroup;
			children = (
				5CB7DB6C252F11C30016AEA7 /* AssistantEndPoint.swift */,
				5CB7DB5F252F02270016AEA7 /* Encoding */,
				5CB7DB5C252F021A0016AEA7 /* Service */,
			);
			path = Networking;
			sourceTree = "<group>";
		};
		5CB7DB5C252F021A0016AEA7 /* Service */ = {
			isa = PBXGroup;
			children = (
				5CB7DB53252F00AB0016AEA7 /* EndPointType.swift */,
				5CB7DB56252F011B0016AEA7 /* HTTPMethod.swift */,
				5CB7DB59252F015E0016AEA7 /* HTTPTask.swift */,
				5CB7DB69252F07170016AEA7 /* NetworkRouter.swift */,
			);
			path = Service;
			sourceTree = "<group>";
		};
		5CB7DB5F252F02270016AEA7 /* Encoding */ = {
			isa = PBXGroup;
			children = (
				5CB7DB60252F02370016AEA7 /* ParameterEncoding.swift */,
				5CB7DB63252F03B60016AEA7 /* URLParameterEncoder.swift */,
				5CB7DB66252F06500016AEA7 /* JSONParameterEnoding.swift */,
			);
			path = Encoding;
			sourceTree = "<group>";
		};
		5CD048E1253F38D00008662F /* AnimateVc */ = {
			isa = PBXGroup;
			children = (
				5CD048E2253F38E00008662F /* AnimateVC.swift */,
				5CFCA1CC2540A3D000D737EF /* VideoPlayerView.swift */,
				5CD048EC253F7D5B0008662F /* video */,
			);
			path = AnimateVc;
			sourceTree = "<group>";
		};
		5CD048EC253F7D5B0008662F /* video */ = {
			isa = PBXGroup;
			children = (
				5CD048E9253F7D540008662F /* hi.mp4 */,
				5CD048EA253F7D540008662F /* idk.mp4 */,
				5CD048EB253F7D540008662F /* idle_in.mp4 */,
				5CD048E8253F7D540008662F /* idle_out.mp4 */,
				5CD048E6253F7D540008662F /* idle.mp4 */,
				5CD048E7253F7D540008662F /* no.mp4 */,
				5CD048E5253F7D530008662F /* yes.mp4 */,
			);
			path = video;
			sourceTree = "<group>";
		};
		5CFBDEA025262706005D8057 = {
			isa = PBXGroup;
			children = (
				5C78C48025349A5A001BC8C1 /* Podfile */,
				5CFBDEAB25262706005D8057 /* SOVA */,
				5CFBDEAA25262706005D8057 /* Products */,
				F9601DBB67CB90E3F7535AFA /* Pods */,
				D3B32FD1491BADA3E146A302 /* Frameworks */,
			);
			sourceTree = "<group>";
		};
		5CFBDEAA25262706005D8057 /* Products */ = {
			isa = PBXGroup;
			children = (
				5CFBDEA925262706005D8057 /* SOVA.app */,
			);
			name = Products;
			sourceTree = "<group>";
		};
		5CFBDEAB25262706005D8057 /* SOVA */ = {
			isa = PBXGroup;
			children = (
				5CD048DD253F1A500008662F /* RootVC.swift */,
				5CD048E1253F38D00008662F /* AnimateVc */,
				5C63AB7A2527832E00814CF7 /* DialogView */,
				5C63AB592527789F00814CF7 /* Settings */,
				5C99C69C252721B90056260F /* Model */,
				5C4B3D01252DC9C100BDDB35 /* Managers */,
				5CB7DB52252EFA490016AEA7 /* Networking */,
				5C99C69825271F700056260F /* Extensions */,
				5C63AB5C25277E0C00814CF7 /* project */,
			);
			path = SOVA;
			sourceTree = "<group>";
		};
		D3B32FD1491BADA3E146A302 /* Frameworks */ = {
			isa = PBXGroup;
			children = (
				995C752847D11CCE22346F45 /* Pods_SOVA.framework */,
			);
			name = Frameworks;
			sourceTree = "<group>";
		};
		F9601DBB67CB90E3F7535AFA /* Pods */ = {
			isa = PBXGroup;
			children = (
				4700C0592FB36A9E88D8177B /* Pods-SOVA.debug.xcconfig */,
				3EF602EF13118596AAC86D9C /* Pods-SOVA.release.xcconfig */,
			);
			path = Pods;
			sourceTree = "<group>";
		};
/* End PBXGroup section */

/* Begin PBXNativeTarget section */
		5CFBDEA825262706005D8057 /* SOVA */ = {
			isa = PBXNativeTarget;
			buildConfigurationList = 5CFBDEBD25262708005D8057 /* Build configuration list for PBXNativeTarget "SOVA" */;
			buildPhases = (
				2FBCCDFB528A835E1D240886 /* [CP] Check Pods Manifest.lock */,
				5CFBDEA525262706005D8057 /* Sources */,
				5CFBDEA625262706005D8057 /* Frameworks */,
				5CFBDEA725262706005D8057 /* Resources */,
				AC6424C0093E2AE40C80379B /* [CP] Embed Pods Frameworks */,
			);
			buildRules = (
			);
			dependencies = (
			);
			name = SOVA;
			productName = SOVA;
			productReference = 5CFBDEA925262706005D8057 /* SOVA.app */;
			productType = "com.apple.product-type.application";
		};
/* End PBXNativeTarget section */

/* Begin PBXProject section */
		5CFBDEA125262706005D8057 /* Project object */ = {
			isa = PBXProject;
			attributes = {
				LastSwiftUpdateCheck = 1200;
				LastUpgradeCheck = 1200;
				TargetAttributes = {
					5CFBDEA825262706005D8057 = {
						CreatedOnToolsVersion = 12.0.1;
					};
				};
			};
			buildConfigurationList = 5CFBDEA425262706005D8057 /* Build configuration list for PBXProject "SOVA" */;
			compatibilityVersion = "Xcode 9.3";
			developmentRegion = en;
			hasScannedForEncodings = 0;
			knownRegions = (
				en,
				Base,
			);
			mainGroup = 5CFBDEA025262706005D8057;
			productRefGroup = 5CFBDEAA25262706005D8057 /* Products */;
			projectDirPath = "";
			projectRoot = "";
			targets = (
				5CFBDEA825262706005D8057 /* SOVA */,
			);
		};
/* End PBXProject section */

/* Begin PBXResourcesBuildPhase section */
		5CFBDEA725262706005D8057 /* Resources */ = {
			isa = PBXResourcesBuildPhase;
			buildActionMask = 2147483647;
			files = (
				5CD048F4253F802C0008662F /* idle_in.mp4 in Resources */,
				5CD048F0253F802C0008662F /* idk.mp4 in Resources */,
				5C78C48125349A5A001BC8C1 /* Podfile in Resources */,
				5CFBDEB925262708005D8057 /* LaunchScreen.storyboard in Resources */,
				5CD048F1253F802C0008662F /* idle_out.mp4 in Resources */,
				5CD048EE253F802C0008662F /* no.mp4 in Resources */,
				5CFBDEB625262708005D8057 /* Assets.xcassets in Resources */,
				5CD048F2253F802C0008662F /* hi.mp4 in Resources */,
				5CD048F3253F802C0008662F /* idle.mp4 in Resources */,
				5CD048EF253F802C0008662F /* yes.mp4 in Resources */,
			);
			runOnlyForDeploymentPostprocessing = 0;
		};
/* End PBXResourcesBuildPhase section */

/* Begin PBXShellScriptBuildPhase section */
		2FBCCDFB528A835E1D240886 /* [CP] Check Pods Manifest.lock */ = {
			isa = PBXShellScriptBuildPhase;
			buildActionMask = 2147483647;
			files = (
			);
			inputFileListPaths = (
			);
			inputPaths = (
				"${PODS_PODFILE_DIR_PATH}/Podfile.lock",
				"${PODS_ROOT}/Manifest.lock",
			);
			name = "[CP] Check Pods Manifest.lock";
			outputFileListPaths = (
			);
			outputPaths = (
				"$(DERIVED_FILE_DIR)/Pods-SOVA-checkManifestLockResult.txt",
			);
			runOnlyForDeploymentPostprocessing = 0;
			shellPath = /bin/sh;
			shellScript = "diff \"${PODS_PODFILE_DIR_PATH}/Podfile.lock\" \"${PODS_ROOT}/Manifest.lock\" > /dev/null\nif [ $? != 0 ] ; then\n    # print error to STDERR\n    echo \"error: The sandbox is not in sync with the Podfile.lock. Run 'pod install' or update your CocoaPods installation.\" >&2\n    exit 1\nfi\n# This output is used by Xcode 'outputs' to avoid re-running this script phase.\necho \"SUCCESS\" > \"${SCRIPT_OUTPUT_FILE_0}\"\n";
			showEnvVarsInLog = 0;
		};
		AC6424C0093E2AE40C80379B /* [CP] Embed Pods Frameworks */ = {
			isa = PBXShellScriptBuildPhase;
			buildActionMask = 2147483647;
			files = (
			);
			inputFileListPaths = (
				"${PODS_ROOT}/Target Support Files/Pods-SOVA/Pods-SOVA-frameworks-${CONFIGURATION}-input-files.xcfilelist",
			);
			name = "[CP] Embed Pods Frameworks";
			outputFileListPaths = (
				"${PODS_ROOT}/Target Support Files/Pods-SOVA/Pods-SOVA-frameworks-${CONFIGURATION}-output-files.xcfilelist",
			);
			runOnlyForDeploymentPostprocessing = 0;
			shellPath = /bin/sh;
			shellScript = "\"${PODS_ROOT}/Target Support Files/Pods-SOVA/Pods-SOVA-frameworks.sh\"\n";
			showEnvVarsInLog = 0;
		};
/* End PBXShellScriptBuildPhase section */

/* Begin PBXSourcesBuildPhase section */
		5CFBDEA525262706005D8057 /* Sources */ = {
			isa = PBXSourcesBuildPhase;
			buildActionMask = 2147483647;
			files = (
				5CB7DB61252F02370016AEA7 /* ParameterEncoding.swift in Sources */,
				5CFCA1CD2540A3D000D737EF /* VideoPlayerView.swift in Sources */,
				5CC7E0202530A60300AED403 /* Data.swift in Sources */,
				5CFBDEAD25262706005D8057 /* AppDelegate.swift in Sources */,
				5C34DAD3252B00BE00501F8A /* UIColor.swift in Sources */,
				5CB7DB57252F011B0016AEA7 /* HTTPMethod.swift in Sources */,
				5C99C6A5252744740056260F /* AssistantModel.swift in Sources */,
				5C4B3CFC252DA6E600BDDB35 /* AudioManager.swift in Sources */,
				5C86F17F252C99F80029CE50 /* Date.swift in Sources */,
				5C34DAD9252B149400501F8A /* DataManager.swift in Sources */,
				5CB7DB64252F03B60016AEA7 /* URLParameterEncoder.swift in Sources */,
				5C63AB82252787FD00814CF7 /* UIView.swift in Sources */,
				5C63AB7C2527834500814CF7 /* DialogVC.swift in Sources */,
				5CB7DB54252F00AB0016AEA7 /* EndPointType.swift in Sources */,
				5C12BF74253EFD6A00AF9EDA /* NoConnectionView.swift in Sources */,
				5C6E4F422535C718008CCA3C /* About.swift in Sources */,
				5C63AB7F2527851C00814CF7 /* DialogCell.swift in Sources */,
				5C99C6A8252752CD0056260F /* ViewController.swift in Sources */,
				5C86F17B252C7DEF0029CE50 /* DialogTextField.swift in Sources */,
				5C99C69E252721CD0056260F /* Cashes.swift in Sources */,
				5C99C69A25271F7D0056260F /* String.swift in Sources */,
				5C4B3D05252DD4F800BDDB35 /* AudioBtn.swift in Sources */,
				5C34DAD6252B11B200501F8A /* Message.swift in Sources */,
				5CFBDEAF25262706005D8057 /* SceneDelegate.swift in Sources */,
				5CB7DB5A252F015E0016AEA7 /* HTTPTask.swift in Sources */,
				5CD048DE253F1A500008662F /* RootVC.swift in Sources */,
				5CB7DB6A252F07170016AEA7 /* NetworkRouter.swift in Sources */,
				5C4B3CFF252DB50500BDDB35 /* UIImage.swift in Sources */,
				5C6E4F382534A135008CCA3C /* ASR.swift in Sources */,
				5CB7DB6D252F11C30016AEA7 /* AssistantEndPoint.swift in Sources */,
				5C542421253C8C9300A35E18 /* BtnsCollectionView.swift in Sources */,
				5CB7DB71252F138A0016AEA7 /* NetworkManager.swift in Sources */,
				5C99C69625271C2A0056260F /* SettingsVC.swift in Sources */,
				5CD048E3253F38E00008662F /* AnimateVC.swift in Sources */,
				5C99C6A125273AD70056260F /* AssistantVC.swift in Sources */,
				5CC7E01C25305ED000AED403 /* Array.swift in Sources */,
				5CB7DB67252F06500016AEA7 /* JSONParameterEnoding.swift in Sources */,
				5C6E4F3B2534A142008CCA3C /* TTS.swift in Sources */,
			);
			runOnlyForDeploymentPostprocessing = 0;
		};
/* End PBXSourcesBuildPhase section */

/* Begin PBXVariantGroup section */
		5CFBDEB725262708005D8057 /* LaunchScreen.storyboard */ = {
			isa = PBXVariantGroup;
			children = (
				5CFBDEB825262708005D8057 /* Base */,
			);
			name = LaunchScreen.storyboard;
			sourceTree = "<group>";
		};
/* End PBXVariantGroup section */

/* Begin XCBuildConfiguration section */
		5CFBDEBB25262708005D8057 /* Debug */ = {
			isa = XCBuildConfiguration;
			buildSettings = {
				ALWAYS_SEARCH_USER_PATHS = NO;
				CLANG_ANALYZER_NONNULL = YES;
				CLANG_ANALYZER_NUMBER_OBJECT_CONVERSION = YES_AGGRESSIVE;
				CLANG_CXX_LANGUAGE_STANDARD = "gnu++14";
				CLANG_CXX_LIBRARY = "libc++";
				CLANG_ENABLE_MODULES = YES;
				CLANG_ENABLE_OBJC_ARC = YES;
				CLANG_ENABLE_OBJC_WEAK = YES;
				CLANG_WARN_BLOCK_CAPTURE_AUTORELEASING = YES;
				CLANG_WARN_BOOL_CONVERSION = YES;
				CLANG_WARN_COMMA = YES;
				CLANG_WARN_CONSTANT_CONVERSION = YES;
				CLANG_WARN_DEPRECATED_OBJC_IMPLEMENTATIONS = YES;
				CLANG_WARN_DIRECT_OBJC_ISA_USAGE = YES_ERROR;
				CLANG_WARN_DOCUMENTATION_COMMENTS = YES;
				CLANG_WARN_EMPTY_BODY = YES;
				CLANG_WARN_ENUM_CONVERSION = YES;
				CLANG_WARN_INFINITE_RECURSION = YES;
				CLANG_WARN_INT_CONVERSION = YES;
				CLANG_WARN_NON_LITERAL_NULL_CONVERSION = YES;
				CLANG_WARN_OBJC_IMPLICIT_RETAIN_SELF = YES;
				CLANG_WARN_OBJC_LITERAL_CONVERSION = YES;
				CLANG_WARN_OBJC_ROOT_CLASS = YES_ERROR;
				CLANG_WARN_QUOTED_INCLUDE_IN_FRAMEWORK_HEADER = YES;
				CLANG_WARN_RANGE_LOOP_ANALYSIS = YES;
				CLANG_WARN_STRICT_PROTOTYPES = YES;
				CLANG_WARN_SUSPICIOUS_MOVE = YES;
				CLANG_WARN_UNGUARDED_AVAILABILITY = YES_AGGRESSIVE;
				CLANG_WARN_UNREACHABLE_CODE = YES;
				CLANG_WARN__DUPLICATE_METHOD_MATCH = YES;
				COPY_PHASE_STRIP = NO;
				DEBUG_INFORMATION_FORMAT = dwarf;
				ENABLE_STRICT_OBJC_MSGSEND = YES;
				ENABLE_TESTABILITY = YES;
				GCC_C_LANGUAGE_STANDARD = gnu11;
				GCC_DYNAMIC_NO_PIC = NO;
				GCC_NO_COMMON_BLOCKS = YES;
				GCC_OPTIMIZATION_LEVEL = 0;
				GCC_PREPROCESSOR_DEFINITIONS = (
					"DEBUG=1",
					"$(inherited)",
				);
				GCC_WARN_64_TO_32_BIT_CONVERSION = YES;
				GCC_WARN_ABOUT_RETURN_TYPE = YES_ERROR;
				GCC_WARN_UNDECLARED_SELECTOR = YES;
				GCC_WARN_UNINITIALIZED_AUTOS = YES_AGGRESSIVE;
				GCC_WARN_UNUSED_FUNCTION = YES;
				GCC_WARN_UNUSED_VARIABLE = YES;
				IPHONEOS_DEPLOYMENT_TARGET = 13.0;
				MTL_ENABLE_DEBUG_INFO = INCLUDE_SOURCE;
				MTL_FAST_MATH = YES;
				ONLY_ACTIVE_ARCH = YES;
				SDKROOT = iphoneos;
				SWIFT_ACTIVE_COMPILATION_CONDITIONS = DEBUG;
				SWIFT_OPTIMIZATION_LEVEL = "-Onone";
			};
			name = Debug;
		};
		5CFBDEBC25262708005D8057 /* Release */ = {
			isa = XCBuildConfiguration;
			buildSettings = {
				ALWAYS_SEARCH_USER_PATHS = NO;
				CLANG_ANALYZER_NONNULL = YES;
				CLANG_ANALYZER_NUMBER_OBJECT_CONVERSION = YES_AGGRESSIVE;
				CLANG_CXX_LANGUAGE_STANDARD = "gnu++14";
				CLANG_CXX_LIBRARY = "libc++";
				CLANG_ENABLE_MODULES = YES;
				CLANG_ENABLE_OBJC_ARC = YES;
				CLANG_ENABLE_OBJC_WEAK = YES;
				CLANG_WARN_BLOCK_CAPTURE_AUTORELEASING = YES;
				CLANG_WARN_BOOL_CONVERSION = YES;
				CLANG_WARN_COMMA = YES;
				CLANG_WARN_CONSTANT_CONVERSION = YES;
				CLANG_WARN_DEPRECATED_OBJC_IMPLEMENTATIONS = YES;
				CLANG_WARN_DIRECT_OBJC_ISA_USAGE = YES_ERROR;
				CLANG_WARN_DOCUMENTATION_COMMENTS = YES;
				CLANG_WARN_EMPTY_BODY = YES;
				CLANG_WARN_ENUM_CONVERSION = YES;
				CLANG_WARN_INFINITE_RECURSION = YES;
				CLANG_WARN_INT_CONVERSION = YES;
				CLANG_WARN_NON_LITERAL_NULL_CONVERSION = YES;
				CLANG_WARN_OBJC_IMPLICIT_RETAIN_SELF = YES;
				CLANG_WARN_OBJC_LITERAL_CONVERSION = YES;
				CLANG_WARN_OBJC_ROOT_CLASS = YES_ERROR;
				CLANG_WARN_QUOTED_INCLUDE_IN_FRAMEWORK_HEADER = YES;
				CLANG_WARN_RANGE_LOOP_ANALYSIS = YES;
				CLANG_WARN_STRICT_PROTOTYPES = YES;
				CLANG_WARN_SUSPICIOUS_MOVE = YES;
				CLANG_WARN_UNGUARDED_AVAILABILITY = YES_AGGRESSIVE;
				CLANG_WARN_UNREACHABLE_CODE = YES;
				CLANG_WARN__DUPLICATE_METHOD_MATCH = YES;
				COPY_PHASE_STRIP = NO;
				DEBUG_INFORMATION_FORMAT = "dwarf-with-dsym";
				ENABLE_NS_ASSERTIONS = NO;
				ENABLE_STRICT_OBJC_MSGSEND = YES;
				GCC_C_LANGUAGE_STANDARD = gnu11;
				GCC_NO_COMMON_BLOCKS = YES;
				GCC_WARN_64_TO_32_BIT_CONVERSION = YES;
				GCC_WARN_ABOUT_RETURN_TYPE = YES_ERROR;
				GCC_WARN_UNDECLARED_SELECTOR = YES;
				GCC_WARN_UNINITIALIZED_AUTOS = YES_AGGRESSIVE;
				GCC_WARN_UNUSED_FUNCTION = YES;
				GCC_WARN_UNUSED_VARIABLE = YES;
				IPHONEOS_DEPLOYMENT_TARGET = 13.0;
				MTL_ENABLE_DEBUG_INFO = NO;
				MTL_FAST_MATH = YES;
				SDKROOT = iphoneos;
				SWIFT_COMPILATION_MODE = wholemodule;
				SWIFT_OPTIMIZATION_LEVEL = "-O";
				VALIDATE_PRODUCT = YES;
			};
			name = Release;
		};
		5CFBDEBE25262708005D8057 /* Debug */ = {
			isa = XCBuildConfiguration;
			baseConfigurationReference = 4700C0592FB36A9E88D8177B /* Pods-SOVA.debug.xcconfig */;
			buildSettings = {
				ASSETCATALOG_COMPILER_APPICON_NAME = AppIcon;
				ASSETCATALOG_COMPILER_GLOBAL_ACCENT_COLOR_NAME = AccentColor;
				CODE_SIGN_IDENTITY = "Apple Development";
				CODE_SIGN_STYLE = Automatic;
				CURRENT_PROJECT_VERSION = 11;
				DEVELOPMENT_TEAM = 23DGPC99H2;
				INFOPLIST_FILE = SOVA/project/Info.plist;
				LD_RUNPATH_SEARCH_PATHS = (
					"$(inherited)",
					"@executable_path/Frameworks",
				);
				PRODUCT_BUNDLE_IDENTIFIER = com.nanosemantics.SOVA;
				PRODUCT_NAME = "$(TARGET_NAME)";
				PROVISIONING_PROFILE_SPECIFIER = "";
				SWIFT_VERSION = 5.0;
				TARGETED_DEVICE_FAMILY = "1,2";
			};
			name = Debug;
		};
		5CFBDEBF25262708005D8057 /* Release */ = {
			isa = XCBuildConfiguration;
			baseConfigurationReference = 3EF602EF13118596AAC86D9C /* Pods-SOVA.release.xcconfig */;
			buildSettings = {
				ASSETCATALOG_COMPILER_APPICON_NAME = AppIcon;
				ASSETCATALOG_COMPILER_GLOBAL_ACCENT_COLOR_NAME = AccentColor;
				CODE_SIGN_IDENTITY = "Apple Development";
				CODE_SIGN_STYLE = Automatic;
				CURRENT_PROJECT_VERSION = 11;
				DEVELOPMENT_TEAM = 23DGPC99H2;
				INFOPLIST_FILE = SOVA/project/Info.plist;
				LD_RUNPATH_SEARCH_PATHS = (
					"$(inherited)",
					"@executable_path/Frameworks",
				);
				PRODUCT_BUNDLE_IDENTIFIER = com.nanosemantics.SOVA;
				PRODUCT_NAME = "$(TARGET_NAME)";
				PROVISIONING_PROFILE_SPECIFIER = "";
				SWIFT_VERSION = 5.0;
				TARGETED_DEVICE_FAMILY = "1,2";
			};
			name = Release;
		};
/* End XCBuildConfiguration section */

/* Begin XCConfigurationList section */
		5CFBDEA425262706005D8057 /* Build configuration list for PBXProject "SOVA" */ = {
			isa = XCConfigurationList;
			buildConfigurations = (
				5CFBDEBB25262708005D8057 /* Debug */,
				5CFBDEBC25262708005D8057 /* Release */,
			);
			defaultConfigurationIsVisible = 0;
			defaultConfigurationName = Release;
		};
		5CFBDEBD25262708005D8057 /* Build configuration list for PBXNativeTarget "SOVA" */ = {
			isa = XCConfigurationList;
			buildConfigurations = (
				5CFBDEBE25262708005D8057 /* Debug */,
				5CFBDEBF25262708005D8057 /* Release */,
			);
			defaultConfigurationIsVisible = 0;
			defaultConfigurationName = Release;
		};
/* End XCConfigurationList section */
	};
	rootObject = 5CFBDEA125262706005D8057 /* Project object */;
}
